{
  "version": 4,
  "terraform_version": "1.12.2",
  "serial": 7,
  "lineage": "4d2eb83f-cb89-8817-cf09-8ee5126a85c1",
  "outputs": {},
  "resources": [
    {
      "mode": "data",
      "type": "aws_availability_zones",
      "name": "available",
      "provider": "provider[\"registry.terraform.io/hashicorp/aws\"]",
      "instances": [
        {
          "schema_version": 0,
          "attributes": {
            "all_availability_zones": null,
            "exclude_names": null,
            "exclude_zone_ids": null,
            "filter": null,
            "group_names": [
              "us-east-1-zg-1"
            ],
            "id": "us-east-1",
            "names": [
              "us-east-1a",
              "us-east-1b",
              "us-east-1c",
              "us-east-1d",
              "us-east-1e",
              "us-east-1f"
            ],
            "region": "us-east-1",
            "state": null,
            "timeouts": null,
            "zone_ids": [
              "use1-az6",
              "use1-az1",
              "use1-az2",
              "use1-az4",
              "use1-az3",
              "use1-az5"
            ]
          },
          "sensitive_attributes": [],
          "identity_schema_version": 0
        }
      ]
    },
    {
      "mode": "managed",
      "type": "aws_vpc_ipam",
      "name": "this",
      "provider": "provider[\"registry.terraform.io/hashicorp/aws\"]",
      "instances": [
        {
          "schema_version": 0,
          "attributes": {
            "arn": "arn:aws:ec2::677276110409:ipam/ipam-07ca875e87cd8bee5",
            "cascade": null,
            "default_resource_discovery_association_id": "ipam-res-disco-assoc-0955dc4ad6997f619",
            "default_resource_discovery_id": "ipam-res-disco-06277c32e9c489a9d",
            "description": "",
            "enable_private_gua": false,
            "id": "ipam-07ca875e87cd8bee5",
            "operating_regions": [
              {
                "region_name": "us-east-1"
              }
            ],
            "private_default_scope_id": "ipam-scope-049d65e90b60b0182",
            "public_default_scope_id": "ipam-scope-01725d5f23579ec55",
            "region": "us-east-1",
            "scope_count": 2,
            "tags": {
              "Environment": "prod",
              "ManagedBy": "Terraform",
              "Owner": "Minibajar-Team",
              "Project": "minibajar"
            },
            "tags_all": {
              "Environment": "prod",
              "ManagedBy": "Terraform",
              "Owner": "Minibajar-Team",
              "Project": "minibajar"
            },
            "tier": "advanced",
            "timeouts": null
          },
          "sensitive_attributes": [],
          "identity_schema_version": 0,
          "private": "eyJlMmJmYjczMC1lY2FhLTExZTYtOGY4OC0zNDM2M2JjN2M0YzAiOnsiY3JlYXRlIjoxODAwMDAwMDAwMDAsImRlbGV0ZSI6MTgwMDAwMDAwMDAwLCJ1cGRhdGUiOjE4MDAwMDAwMDAwMH19",
          "create_before_destroy": true
        }
      ]
    },
    {
      "mode": "managed",
      "type": "aws_vpc_ipam_pool",
      "name": "ipv4",
      "provider": "provider[\"registry.terraform.io/hashicorp/aws\"]",
      "instances": [
        {
          "schema_version": 0,
          "attributes": {
            "address_family": "ipv4",
            "allocation_default_netmask_length": 16,
            "allocation_max_netmask_length": null,
            "allocation_min_netmask_length": null,
            "allocation_resource_tags": null,
            "arn": "arn:aws:ec2::677276110409:ipam-pool/ipam-pool-0f15135adbffb93a9",
            "auto_import": false,
            "aws_service": "",
            "cascade": null,
            "description": "Prod IPv4 Pool",
            "id": "ipam-pool-0f15135adbffb93a9",
            "ipam_scope_id": "ipam-scope-049d65e90b60b0182",
            "ipam_scope_type": "private",
            "locale": "us-east-1",
            "pool_depth": 1,
            "public_ip_source": "",
            "publicly_advertisable": false,
            "region": "us-east-1",
            "source_ipam_pool_id": "",
            "state": "create-complete",
            "tags": {
              "Environment": "prod",
              "ManagedBy": "Terraform",
              "Owner": "Minibajar-Team",
              "Project": "minibajar"
            },
            "tags_all": {
              "Environment": "prod",
              "ManagedBy": "Terraform",
              "Owner": "Minibajar-Team",
              "Project": "minibajar"
            },
            "timeouts": null
          },
          "sensitive_attributes": [],
          "identity_schema_version": 0,
          "private": "eyJlMmJmYjczMC1lY2FhLTExZTYtOGY4OC0zNDM2M2JjN2M0YzAiOnsiY3JlYXRlIjoxODAwMDAwMDAwMDAsImRlbGV0ZSI6MTgwMDAwMDAwMDAwLCJ1cGRhdGUiOjE4MDAwMDAwMDAwMH19",
          "dependencies": [
            "aws_vpc_ipam.this"
          ],
          "create_before_destroy": true
        }
      ]
    },
    {
      "mode": "managed",
      "type": "aws_vpc_ipam_pool",
      "name": "ipv6",
      "provider": "provider[\"registry.terraform.io/hashicorp/aws\"]",
      "instances": [
        {
          "schema_version": 0,
          "attributes": {
            "address_family": "ipv6",
            "allocation_default_netmask_length": 56,
            "allocation_max_netmask_length": null,
            "allocation_min_netmask_length": null,
            "allocation_resource_tags": null,
            "arn": "arn:aws:ec2::677276110409:ipam-pool/ipam-pool-01b6a4e73a3a434b5",
            "auto_import": false,
            "aws_service": "ec2",
            "cascade": null,
            "description": "Prod IPv6 Pool",
            "id": "ipam-pool-01b6a4e73a3a434b5",
            "ipam_scope_id": "ipam-scope-01725d5f23579ec55",
            "ipam_scope_type": "public",
            "locale": "us-east-1",
            "pool_depth": 1,
            "public_ip_source": "byoip",
            "publicly_advertisable": false,
            "region": "us-east-1",
            "source_ipam_pool_id": "",
            "state": "create-complete",
            "tags": {
              "Environment": "prod",
              "ManagedBy": "Terraform",
              "Owner": "Minibajar-Team",
              "Project": "minibajar"
            },
            "tags_all": {
              "Environment": "prod",
              "ManagedBy": "Terraform",
              "Owner": "Minibajar-Team",
              "Project": "minibajar"
            },
            "timeouts": null
          },
          "sensitive_attributes": [],
          "identity_schema_version": 0,
          "private": "eyJlMmJmYjczMC1lY2FhLTExZTYtOGY4OC0zNDM2M2JjN2M0YzAiOnsiY3JlYXRlIjoxODAwMDAwMDAwMDAsImRlbGV0ZSI6MTgwMDAwMDAwMDAwLCJ1cGRhdGUiOjE4MDAwMDAwMDAwMH19",
          "dependencies": [
            "aws_vpc_ipam.this"
          ],
          "create_before_destroy": true
        }
      ]
    },
    {
      "mode": "managed",
      "type": "aws_vpc_ipam_pool_cidr",
      "name": "ipv4",
      "provider": "provider[\"registry.terraform.io/hashicorp/aws\"]",
      "instances": [
        {
          "schema_version": 0,
          "attributes": {
            "cidr": "10.0.0.0/12",
            "cidr_authorization_context": [],
            "id": "10.0.0.0/12_ipam-pool-0f15135adbffb93a9",
            "ipam_pool_cidr_id": "ipam-pool-cidr-03145d60c6cd14c2b87260761b00d87e4",
            "ipam_pool_id": "ipam-pool-0f15135adbffb93a9",
            "netmask_length": 12,
            "region": "us-east-1",
            "timeouts": null
          },
          "sensitive_attributes": [],
          "identity_schema_version": 0,
          "private": "eyJlMmJmYjczMC1lY2FhLTExZTYtOGY4OC0zNDM2M2JjN2M0YzAiOnsiY3JlYXRlIjo2MDAwMDAwMDAwMDAsImRlbGV0ZSI6MTkyMDAwMDAwMDAwMH19",
          "dependencies": [
            "aws_vpc_ipam.this",
            "aws_vpc_ipam_pool.ipv4"
          ]
        }
      ]
    },
    {
      "module": "module.vpc",
      "mode": "data",
      "type": "aws_caller_identity",
      "name": "current",
      "provider": "provider[\"registry.terraform.io/hashicorp/aws\"]",
      "instances": []
    },
    {
      "module": "module.vpc",
      "mode": "data",
      "type": "aws_iam_policy_document",
      "name": "flow_log_cloudwatch_assume_role",
      "provider": "provider[\"registry.terraform.io/hashicorp/aws\"]",
      "instances": []
    },
    {
      "module": "module.vpc",
      "mode": "data",
      "type": "aws_partition",
      "name": "current",
      "provider": "provider[\"registry.terraform.io/hashicorp/aws\"]",
      "instances": []
    },
    {
      "module": "module.vpc",
      "mode": "data",
      "type": "aws_region",
      "name": "current",
      "provider": "provider[\"registry.terraform.io/hashicorp/aws\"]",
      "instances": []
    },
    {
      "module": "module.vpc",
      "mode": "managed",
      "type": "aws_customer_gateway",
      "name": "this",
      "provider": "provider[\"registry.terraform.io/hashicorp/aws\"]",
      "instances": []
    },
    {
      "module": "module.vpc",
      "mode": "managed",
      "type": "aws_default_vpc",
      "name": "this",
      "provider": "provider[\"registry.terraform.io/hashicorp/aws\"]",
      "instances": []
    },
    {
      "module": "module.vpc",
      "mode": "managed",
      "type": "aws_iam_role",
      "name": "vpc_flow_log_cloudwatch",
      "provider": "provider[\"registry.terraform.io/hashicorp/aws\"]",
      "instances": []
    },
    {
      "module": "module.vpc",
      "mode": "managed",
      "type": "aws_vpc_block_public_access_options",
      "name": "this",
      "provider": "provider[\"registry.terraform.io/hashicorp/aws\"]",
      "instances": []
    },
    {
      "module": "module.vpc",
      "mode": "managed",
      "type": "aws_vpc_dhcp_options",
      "name": "this",
      "provider": "provider[\"registry.terraform.io/hashicorp/aws\"]",
      "instances": []
    },
    {
      "module": "module.vpc_endpoints",
      "mode": "data",
      "type": "aws_vpc_endpoint_service",
      "name": "this",
      "provider": "provider[\"registry.terraform.io/hashicorp/aws\"]",
      "instances": [
        {
          "index_key": "dynamodb",
          "schema_version": 0,
          "attributes": {
            "acceptance_required": false,
            "arn": "arn:aws:ec2:us-east-1:677276110409:vpc-endpoint-service/vpce-svc-04b9ffcb9ee7ef983",
            "availability_zones": [
              "us-east-1a",
              "us-east-1b",
              "us-east-1c",
              "us-east-1d",
              "us-east-1e",
              "us-east-1f"
            ],
            "base_endpoint_dns_names": [
              "dynamodb.us-east-1.vpce.amazonaws.com"
            ],
            "filter": [
              {
                "name": "service-type",
                "values": [
                  "Interface"
                ]
              }
            ],
            "id": "2816157640",
            "manages_vpc_endpoints": false,
            "owner": "amazon",
            "private_dns_name": "",
            "private_dns_names": [],
            "region": "us-east-1",
            "service": "dynamodb",
            "service_id": "vpce-svc-04b9ffcb9ee7ef983",
            "service_name": "com.amazonaws.us-east-1.dynamodb",
            "service_region": "us-east-1",
            "service_regions": null,
            "service_type": "Interface",
            "supported_ip_address_types": [
              "ipv4"
            ],
            "tags": {},
            "timeouts": null,
            "vpc_endpoint_policy_supported": true
          },
          "sensitive_attributes": [],
          "identity_schema_version": 0
        },
        {
          "index_key": "s3",
          "schema_version": 0,
          "attributes": {
            "acceptance_required": false,
            "arn": "arn:aws:ec2:us-east-1:677276110409:vpc-endpoint-service/vpce-svc-081d84efcdc7bac15",
            "availability_zones": [
              "us-east-1a",
              "us-east-1b",
              "us-east-1c",
              "us-east-1d",
              "us-east-1e",
              "us-east-1f"
            ],
            "base_endpoint_dns_names": [
              "s3.us-east-1.vpce.amazonaws.com"
            ],
            "filter": [
              {
                "name": "service-type",
                "values": [
                  "Interface"
                ]
              }
            ],
            "id": "195798706",
            "manages_vpc_endpoints": false,
            "owner": "amazon",
            "private_dns_name": "*.s3.us-east-1.amazonaws.com",
            "private_dns_names": [
              "*.s3-accesspoint.us-east-1.amazonaws.com",
              "*.s3-control.us-east-1.amazonaws.com",
              "*.s3.us-east-1.amazonaws.com"
            ],
            "region": "us-east-1",
            "service": "s3",
            "service_id": "vpce-svc-081d84efcdc7bac15",
            "service_name": "com.amazonaws.us-east-1.s3",
            "service_region": "us-east-1",
            "service_regions": null,
            "service_type": "Interface",
            "supported_ip_address_types": [
              "ipv4"
            ],
            "tags": {},
            "timeouts": null,
            "vpc_endpoint_policy_supported": true
          },
          "sensitive_attributes": [],
          "identity_schema_version": 0
        }
      ]
    }
  ],
  "check_results": null
}
